// !$*UTF8*$!
{
	archiveVersion = 1;
	classes = {
	};
	objectVersion = 48;
	objects = {

/* Begin PBXBuildFile section */
		280F51A21F868DAF0084C86D /* AppDelegate.swift in Sources */ = {isa = PBXBuildFile; fileRef = 280F51A11F868DAF0084C86D /* AppDelegate.swift */; };
		280F51A71F868DAF0084C86D /* Main.storyboard in Resources */ = {isa = PBXBuildFile; fileRef = 280F51A51F868DAF0084C86D /* Main.storyboard */; };
		280F51A91F868DAF0084C86D /* Assets.xcassets in Resources */ = {isa = PBXBuildFile; fileRef = 280F51A81F868DAF0084C86D /* Assets.xcassets */; };
		280F51AC1F868DAF0084C86D /* LaunchScreen.storyboard in Resources */ = {isa = PBXBuildFile; fileRef = 280F51AA1F868DAF0084C86D /* LaunchScreen.storyboard */; };
		28474CA31F86930300E0510A /* Survey.swift in Sources */ = {isa = PBXBuildFile; fileRef = 28474CA21F86930300E0510A /* Survey.swift */; };
		28474CA51F869E4700E0510A /* EmojiController.swift in Sources */ = {isa = PBXBuildFile; fileRef = 28474CA41F869E4700E0510A /* EmojiController.swift */; };
		28474CA71F86C0CF00E0510A /* SurveyListTableViewController.swift in Sources */ = {isa = PBXBuildFile; fileRef = 28474CA61F86C0CF00E0510A /* SurveyListTableViewController.swift */; };
		28474CA91F86C0FA00E0510A /* SurveyViewController.swift in Sources */ = {isa = PBXBuildFile; fileRef = 28474CA81F86C0FA00E0510A /* SurveyViewController.swift */; };
/* End PBXBuildFile section */

/* Begin PBXFileReference section */
		280F519E1F868DAF0084C86D /* SurveyiOS15.app */ = {isa = PBXFileReference; explicitFileType = wrapper.application; includeInIndex = 0; path = SurveyiOS15.app; sourceTree = BUILT_PRODUCTS_DIR; };
		280F51A11F868DAF0084C86D /* AppDelegate.swift */ = {isa = PBXFileReference; lastKnownFileType = sourcecode.swift; path = AppDelegate.swift; sourceTree = "<group>"; };
		280F51A61F868DAF0084C86D /* Base */ = {isa = PBXFileReference; lastKnownFileType = file.storyboard; name = Base; path = Base.lproj/Main.storyboard; sourceTree = "<group>"; };
		280F51A81F868DAF0084C86D /* Assets.xcassets */ = {isa = PBXFileReference; lastKnownFileType = folder.assetcatalog; path = Assets.xcassets; sourceTree = "<group>"; };
		280F51AB1F868DAF0084C86D /* Base */ = {isa = PBXFileReference; lastKnownFileType = file.storyboard; name = Base; path = Base.lproj/LaunchScreen.storyboard; sourceTree = "<group>"; };
		280F51AD1F868DAF0084C86D /* Info.plist */ = {isa = PBXFileReference; lastKnownFileType = text.plist.xml; path = Info.plist; sourceTree = "<group>"; };
		28474CA21F86930300E0510A /* Survey.swift */ = {isa = PBXFileReference; lastKnownFileType = sourcecode.swift; path = Survey.swift; sourceTree = "<group>"; };
		28474CA41F869E4700E0510A /* EmojiController.swift */ = {isa = PBXFileReference; lastKnownFileType = sourcecode.swift; path = EmojiController.swift; sourceTree = "<group>"; };
		28474CA61F86C0CF00E0510A /* SurveyListTableViewController.swift */ = {isa = PBXFileReference; lastKnownFileType = sourcecode.swift; path = SurveyListTableViewController.swift; sourceTree = "<group>"; };
		28474CA81F86C0FA00E0510A /* SurveyViewController.swift */ = {isa = PBXFileReference; lastKnownFileType = sourcecode.swift; path = SurveyViewController.swift; sourceTree = "<group>"; };
/* End PBXFileReference section */

/* Begin PBXFrameworksBuildPhase section */
		280F519B1F868DAF0084C86D /* Frameworks */ = {
			isa = PBXFrameworksBuildPhase;
			buildActionMask = 2147483647;
			files = (
			);
			runOnlyForDeploymentPostprocessing = 0;
		};
/* End PBXFrameworksBuildPhase section */

/* Begin PBXGroup section */
		280F51951F868DAE0084C86D = {
			isa = PBXGroup;
			children = (
				280F51A01F868DAF0084C86D /* SurveyiOS15 */,
				280F519F1F868DAF0084C86D /* Products */,
			);
			sourceTree = "<group>";
		};
		280F519F1F868DAF0084C86D /* Products */ = {
			isa = PBXGroup;
			children = (
				280F519E1F868DAF0084C86D /* SurveyiOS15.app */,
			);
			name = Products;
			sourceTree = "<group>";
		};
		280F51A01F868DAF0084C86D /* SurveyiOS15 */ = {
			isa = PBXGroup;
			children = (
				280F51B71F86926A0084C86D /* UI StoryBoard */,
				280F51B61F86925F0084C86D /* View Controller */,
				280F51B51F8692560084C86D /* Model Controller */,
				280F51B41F8692500084C86D /* Model */,
				280F51B81F8692730084C86D /* Resourses */,
			);
			path = SurveyiOS15;
			sourceTree = "<group>";
		};
		280F51B41F8692500084C86D /* Model */ = {
			isa = PBXGroup;
			children = (
				28474CA21F86930300E0510A /* Survey.swift */,
			);
			path = Model;
			sourceTree = "<group>";
		};
		280F51B51F8692560084C86D /* Model Controller */ = {
			isa = PBXGroup;
			children = (
				28474CA41F869E4700E0510A /* EmojiController.swift */,
			);
			path = "Model Controller";
			sourceTree = "<group>";
		};
		280F51B61F86925F0084C86D /* View Controller */ = {
			isa = PBXGroup;
			children = (
				28474CA61F86C0CF00E0510A /* SurveyListTableViewController.swift */,
				28474CA81F86C0FA00E0510A /* SurveyViewController.swift */,
			);
			path = "View Controller";
			sourceTree = "<group>";
		};
		280F51B71F86926A0084C86D /* UI StoryBoard */ = {
			isa = PBXGroup;
			children = (
				280F51A51F868DAF0084C86D /* Main.storyboard */,
				280F51AA1F868DAF0084C86D /* LaunchScreen.storyboard */,
			);
			path = "UI StoryBoard";
			sourceTree = "<group>";
		};
		280F51B81F8692730084C86D /* Resourses */ = {
			isa = PBXGroup;
			children = (
				280F51A11F868DAF0084C86D /* AppDelegate.swift */,
				280F51A81F868DAF0084C86D /* Assets.xcassets */,
				280F51AD1F868DAF0084C86D /* Info.plist */,
			);
			path = Resourses;
			sourceTree = "<group>";
		};
/* End PBXGroup section */

/* Begin PBXNativeTarget section */
		280F519D1F868DAF0084C86D /* SurveyiOS15 */ = {
			isa = PBXNativeTarget;
			buildConfigurationList = 280F51B01F868DAF0084C86D /* Build configuration list for PBXNativeTarget "SurveyiOS15" */;
			buildPhases = (
				280F519A1F868DAF0084C86D /* Sources */,
				280F519B1F868DAF0084C86D /* Frameworks */,
				280F519C1F868DAF0084C86D /* Resources */,
			);
			buildRules = (
			);
			dependencies = (
			);
			name = SurveyiOS15;
			productName = SurveyiOS15;
			productReference = 280F519E1F868DAF0084C86D /* SurveyiOS15.app */;
			productType = "com.apple.product-type.application";
		};
/* End PBXNativeTarget section */

/* Begin PBXProject section */
		280F51961F868DAE0084C86D /* Project object */ = {
			isa = PBXProject;
			attributes = {
				LastSwiftUpdateCheck = 0900;
				LastUpgradeCheck = 0900;
				ORGANIZATIONNAME = "Steve Lester";
				TargetAttributes = {
					280F519D1F868DAF0084C86D = {
						CreatedOnToolsVersion = 9.0;
						ProvisioningStyle = Automatic;
					};
				};
			};
			buildConfigurationList = 280F51991F868DAE0084C86D /* Build configuration list for PBXProject "SurveyiOS15" */;
			compatibilityVersion = "Xcode 8.0";
			developmentRegion = en;
			hasScannedForEncodings = 0;
			knownRegions = (
				en,
				Base,
			);
			mainGroup = 280F51951F868DAE0084C86D;
			productRefGroup = 280F519F1F868DAF0084C86D /* Products */;
			projectDirPath = "";
			projectRoot = "";
			targets = (
				280F519D1F868DAF0084C86D /* SurveyiOS15 */,
			);
		};
/* End PBXProject section */

/* Begin PBXResourcesBuildPhase section */
		280F519C1F868DAF0084C86D /* Resources */ = {
			isa = PBXResourcesBuildPhase;
			buildActionMask = 2147483647;
			files = (
				280F51AC1F868DAF0084C86D /* LaunchScreen.storyboard in Resources */,
				280F51A91F868DAF0084C86D /* Assets.xcassets in Resources */,
				280F51A71F868DAF0084C86D /* Main.storyboard in Resources */,
			);
			runOnlyForDeploymentPostprocessing = 0;
		};
/* End PBXResourcesBuildPhase section */

/* Begin PBXSourcesBuildPhase section */
		280F519A1F868DAF0084C86D /* Sources */ = {
			isa = PBXSourcesBuildPhase;
			buildActionMask = 2147483647;
			files = (
				280F51A21F868DAF0084C86D /* AppDelegate.swift in Sources */,
				28474CA31F86930300E0510A /* Survey.swift in Sources */,
				28474CA51F869E4700E0510A /* EmojiController.swift in Sources */,
				28474CA71F86C0CF00E0510A /* SurveyListTableViewController.swift in Sources */,
				28474CA91F86C0FA00E0510A /* SurveyViewController.swift in Sources */,
			);
			runOnlyForDeploymentPostprocessing = 0;
		};
/* End PBXSourcesBuildPhase section */

/* Begin PBXVariantGroup section */
		280F51A51F868DAF0084C86D /* Main.storyboard */ = {
			isa = PBXVariantGroup;
			children = (
				280F51A61F868DAF0084C86D /* Base */,
			);
			name = Main.storyboard;
			sourceTree = "<group>";
		};
		280F51AA1F868DAF0084C86D /* LaunchScreen.storyboard */ = {
			isa = PBXVariantGroup;
			children = (
				280F51AB1F868DAF0084C86D /* Base */,
			);
			name = LaunchScreen.storyboard;
			sourceTree = "<group>";
		};
/* End PBXVariantGroup section */

/* Begin XCBuildConfiguration section */
		280F51AE1F868DAF0084C86D /* Debug */ = {
			isa = XCBuildConfiguration;
			buildSettings = {
				ALWAYS_SEARCH_USER_PATHS = NO;
				CLANG_ANALYZER_NONNULL = YES;
				CLANG_ANALYZER_NUMBER_OBJECT_CONVERSION = YES_AGGRESSIVE;
				CLANG_CXX_LANGUAGE_STANDARD = "gnu++14";
				CLANG_CXX_LIBRARY = "libc++";
				CLANG_ENABLE_MODULES = YES;
				CLANG_ENABLE_OBJC_ARC = YES;
				CLANG_WARN_BLOCK_CAPTURE_AUTORELEASING = YES;
				CLANG_WARN_BOOL_CONVERSION = YES;
				CLANG_WARN_COMMA = YES;
				CLANG_WARN_CONSTANT_CONVERSION = YES;
				CLANG_WARN_DIRECT_OBJC_ISA_USAGE = YES_ERROR;
				CLANG_WARN_DOCUMENTATION_COMMENTS = YES;
				CLANG_WARN_EMPTY_BODY = YES;
				CLANG_WARN_ENUM_CONVERSION = YES;
				CLANG_WARN_INFINITE_RECURSION = YES;
				CLANG_WARN_INT_CONVERSION = YES;
				CLANG_WARN_NON_LITERAL_NULL_CONVERSION = YES;
				CLANG_WARN_OBJC_LITERAL_CONVERSION = YES;
				CLANG_WARN_OBJC_ROOT_CLASS = YES_ERROR;
				CLANG_WARN_RANGE_LOOP_ANALYSIS = YES;
				CLANG_WARN_STRICT_PROTOTYPES = YES;
				CLANG_WARN_SUSPICIOUS_MOVE = YES;
				CLANG_WARN_UNGUARDED_AVAILABILITY = YES_AGGRESSIVE;
				CLANG_WARN_UNREACHABLE_CODE = YES;
				CLANG_WARN__DUPLICATE_METHOD_MATCH = YES;
				CODE_SIGN_IDENTITY = "iPhone Developer";
				COPY_PHASE_STRIP = NO;
				DEBUG_INFORMATION_FORMAT = dwarf;
				ENABLE_STRICT_OBJC_MSGSEND = YES;
				ENABLE_TESTABILITY = YES;
				GCC_C_LANGUAGE_STANDARD = gnu11;
				GCC_DYNAMIC_NO_PIC = NO;
				GCC_NO_COMMON_BLOCKS = YES;
				GCC_OPTIMIZATION_LEVEL = 0;
				GCC_PREPROCESSOR_DEFINITIONS = (
					"DEBUG=1",
					"$(inherited)",
				);
				GCC_WARN_64_TO_32_BIT_CONVERSION = YES;
				GCC_WARN_ABOUT_RETURN_TYPE = YES_ERROR;
				GCC_WARN_UNDECLARED_SELECTOR = YES;
				GCC_WARN_UNINITIALIZED_AUTOS = YES_AGGRESSIVE;
				GCC_WARN_UNUSED_FUNCTION = YES;
				GCC_WARN_UNUSED_VARIABLE = YES;
				IPHONEOS_DEPLOYMENT_TARGET = 11.0;
				MTL_ENABLE_DEBUG_INFO = YES;
				ONLY_ACTIVE_ARCH = YES;
				SDKROOT = iphoneos;
				SWIFT_ACTIVE_COMPILATION_CONDITIONS = DEBUG;
				SWIFT_OPTIMIZATION_LEVEL = "-Onone";
			};
			name = Debug;
		};
		280F51AF1F868DAF0084C86D /* Release */ = {
			isa = XCBuildConfiguration;
			buildSettings = {
				ALWAYS_SEARCH_USER_PATHS = NO;
				CLANG_ANALYZER_NONNULL = YES;
				CLANG_ANALYZER_NUMBER_OBJECT_CONVERSION = YES_AGGRESSIVE;
				CLANG_CXX_LANGUAGE_STANDARD = "gnu++14";
				CLANG_CXX_LIBRARY = "libc++";
				CLANG_ENABLE_MODULES = YES;
				CLANG_ENABLE_OBJC_ARC = YES;
				CLANG_WARN_BLOCK_CAPTURE_AUTORELEASING = YES;
				CLANG_WARN_BOOL_CONVERSION = YES;
				CLANG_WARN_COMMA = YES;
				CLANG_WARN_CONSTANT_CONVERSION = YES;
				CLANG_WARN_DIRECT_OBJC_ISA_USAGE = YES_ERROR;
				CLANG_WARN_DOCUMENTATION_COMMENTS = YES;
				CLANG_WARN_EMPTY_BODY = YES;
				CLANG_WARN_ENUM_CONVERSION = YES;
				CLANG_WARN_INFINITE_RECURSION = YES;
				CLANG_WARN_INT_CONVERSION = YES;
				CLANG_WARN_NON_LITERAL_NULL_CONVERSION = YES;
				CLANG_WARN_OBJC_LITERAL_CONVERSION = YES;
				CLANG_WARN_OBJC_ROOT_CLASS = YES_ERROR;
				CLANG_WARN_RANGE_LOOP_ANALYSIS = YES;
				CLANG_WARN_STRICT_PROTOTYPES = YES;
				CLANG_WARN_SUSPICIOUS_MOVE = YES;
				CLANG_WARN_UNGUARDED_AVAILABILITY = YES_AGGRESSIVE;
				CLANG_WARN_UNREACHABLE_CODE = YES;
				CLANG_WARN__DUPLICATE_METHOD_MATCH = YES;
				CODE_SIGN_IDENTITY = "iPhone Developer";
				COPY_PHASE_STRIP = NO;
				DEBUG_INFORMATION_FORMAT = "dwarf-with-dsym";
				ENABLE_NS_ASSERTIONS = NO;
				ENABLE_STRICT_OBJC_MSGSEND = YES;
				GCC_C_LANGUAGE_STANDARD = gnu11;
				GCC_NO_COMMON_BLOCKS = YES;
				GCC_WARN_64_TO_32_BIT_CONVERSION = YES;
				GCC_WARN_ABOUT_RETURN_TYPE = YES_ERROR;
				GCC_WARN_UNDECLARED_SELECTOR = YES;
				GCC_WARN_UNINITIALIZED_AUTOS = YES_AGGRESSIVE;
				GCC_WARN_UNUSED_FUNCTION = YES;
				GCC_WARN_UNUSED_VARIABLE = YES;
				IPHONEOS_DEPLOYMENT_TARGET = 11.0;
				MTL_ENABLE_DEBUG_INFO = NO;
				SDKROOT = iphoneos;
				SWIFT_OPTIMIZATION_LEVEL = "-Owholemodule";
				VALIDATE_PRODUCT = YES;
			};
			name = Release;
		};
		280F51B11F868DAF0084C86D /* Debug */ = {
			isa = XCBuildConfiguration;
			buildSettings = {
				ASSETCATALOG_COMPILER_APPICON_NAME = AppIcon;
				CODE_SIGN_STYLE = Automatic;
				DEVELOPMENT_TEAM = 2LNKQ65S8U;
				INFOPLIST_FILE = "$(SRCROOT)/SurveyiOS15/Resourses/Info.plist";
				LD_RUNPATH_SEARCH_PATHS = "$(inherited) @executable_path/Frameworks";
				PRODUCT_BUNDLE_IDENTIFIER = com.stevelester.SurveyiOS15;
				PRODUCT_NAME = "$(TARGET_NAME)";
				SWIFT_VERSION = 4.0;
				TARGETED_DEVICE_FAMILY = "1,2";
			};
			name = Debug;
		};
		280F51B21F868DAF0084C86D /* Release */ = {
			isa = XCBuildConfiguration;
			buildSettings = {
				ASSETCATALOG_COMPILER_APPICON_NAME = AppIcon;
				CODE_SIGN_STYLE = Automatic;
				DEVELOPMENT_TEAM = 2LNKQ65S8U;
				INFOPLIST_FILE = "$(SRCROOT)/SurveyiOS15/Resourses/Info.plist";
				LD_RUNPATH_SEARCH_PATHS = "$(inherited) @executable_path/Frameworks";
				PRODUCT_BUNDLE_IDENTIFIER = com.stevelester.SurveyiOS15;
				PRODUCT_NAME = "$(TARGET_NAME)";
				SWIFT_VERSION = 4.0;
				TARGETED_DEVICE_FAMILY = "1,2";
			};
			name = Release;
		};
/* End XCBuildConfiguration section */

/* Begin XCConfigurationList section */
		280F51991F868DAE0084C86D /* Build configuration list for PBXProject "SurveyiOS15" */ = {
			isa = XCConfigurationList;
			buildConfigurations = (
				280F51AE1F868DAF0084C86D /* Debug */,
				280F51AF1F868DAF0084C86D /* Release */,
			);
			defaultConfigurationIsVisible = 0;
			defaultConfigurationName = Release;
		};
		280F51B01F868DAF0084C86D /* Build configuration list for PBXNativeTarget "SurveyiOS15" */ = {
			isa = XCConfigurationList;
			buildConfigurations = (
				280F51B11F868DAF0084C86D /* Debug */,
				280F51B21F868DAF0084C86D /* Release */,
			);
			defaultConfigurationIsVisible = 0;
			defaultConfigurationName = Release;
		};
/* End XCConfigurationList section */
	};
	rootObject = 280F51961F868DAE0084C86D /* Project object */;
}
